// !$*UTF8*$!
{
	archiveVersion = 1;
	classes = {
	};
	objectVersion = 46;
	objects = {

/* Begin PBXBuildFile section */
		E114CA24191C15A200A7BBE9 /* TextStatsViewController.m in Sources */ = {isa = PBXBuildFile; fileRef = E114CA23191C15A200A7BBE9 /* TextStatsViewController.m */; };
		E186EBEA18F31D9F00BCB942 /* Foundation.framework in Frameworks */ = {isa = PBXBuildFile; fileRef = E186EBE918F31D9F00BCB942 /* Foundation.framework */; };
		E186EBEC18F31D9F00BCB942 /* CoreGraphics.framework in Frameworks */ = {isa = PBXBuildFile; fileRef = E186EBEB18F31D9F00BCB942 /* CoreGraphics.framework */; };
		E186EBEE18F31D9F00BCB942 /* UIKit.framework in Frameworks */ = {isa = PBXBuildFile; fileRef = E186EBED18F31D9F00BCB942 /* UIKit.framework */; };
		E186EBF418F31D9F00BCB942 /* InfoPlist.strings in Resources */ = {isa = PBXBuildFile; fileRef = E186EBF218F31D9F00BCB942 /* InfoPlist.strings */; };
		E186EBF618F31D9F00BCB942 /* main.m in Sources */ = {isa = PBXBuildFile; fileRef = E186EBF518F31D9F00BCB942 /* main.m */; };
		E186EBFA18F31D9F00BCB942 /* AppDelegate.m in Sources */ = {isa = PBXBuildFile; fileRef = E186EBF918F31D9F00BCB942 /* AppDelegate.m */; };
		E186EBFD18F31D9F00BCB942 /* Main.storyboard in Resources */ = {isa = PBXBuildFile; fileRef = E186EBFB18F31D9F00BCB942 /* Main.storyboard */; };
		E186EC0018F31D9F00BCB942 /* ViewController.m in Sources */ = {isa = PBXBuildFile; fileRef = E186EBFF18F31D9F00BCB942 /* ViewController.m */; };
		E186EC0218F31D9F00BCB942 /* Images.xcassets in Resources */ = {isa = PBXBuildFile; fileRef = E186EC0118F31D9F00BCB942 /* Images.xcassets */; };
		E186EC0918F31D9F00BCB942 /* XCTest.framework in Frameworks */ = {isa = PBXBuildFile; fileRef = E186EC0818F31D9F00BCB942 /* XCTest.framework */; };
		E186EC0A18F31D9F00BCB942 /* Foundation.framework in Frameworks */ = {isa = PBXBuildFile; fileRef = E186EBE918F31D9F00BCB942 /* Foundation.framework */; };
		E186EC0B18F31D9F00BCB942 /* UIKit.framework in Frameworks */ = {isa = PBXBuildFile; fileRef = E186EBED18F31D9F00BCB942 /* UIKit.framework */; };
		E186EC1318F31D9F00BCB942 /* InfoPlist.strings in Resources */ = {isa = PBXBuildFile; fileRef = E186EC1118F31D9F00BCB942 /* InfoPlist.strings */; };
		E186EC1518F31D9F00BCB942 /* AttributorTests.m in Sources */ = {isa = PBXBuildFile; fileRef = E186EC1418F31D9F00BCB942 /* AttributorTests.m */; };
/* End PBXBuildFile section */

/* Begin PBXContainerItemProxy section */
		E186EC0C18F31D9F00BCB942 /* PBXContainerItemProxy */ = {
			isa = PBXContainerItemProxy;
			containerPortal = E186EBDE18F31D9F00BCB942 /* Project object */;
			proxyType = 1;
			remoteGlobalIDString = E186EBE518F31D9F00BCB942;
			remoteInfo = Attributor;
		};
/* End PBXContainerItemProxy section */

/* Begin PBXFileReference section */
		E114CA22191C15A200A7BBE9 /* TextStatsViewController.h */ = {isa = PBXFileReference; fileEncoding = 4; lastKnownFileType = sourcecode.c.h; path = TextStatsViewController.h; sourceTree = "<group>"; };
		E114CA23191C15A200A7BBE9 /* TextStatsViewController.m */ = {isa = PBXFileReference; fileEncoding = 4; lastKnownFileType = sourcecode.c.objc; path = TextStatsViewController.m; sourceTree = "<group>"; };
		E186EBE618F31D9F00BCB942 /* Attributor.app */ = {isa = PBXFileReference; explicitFileType = wrapper.application; includeInIndex = 0; path = Attributor.app; sourceTree = BUILT_PRODUCTS_DIR; };
		E186EBE918F31D9F00BCB942 /* Foundation.framework */ = {isa = PBXFileReference; lastKnownFileType = wrapper.framework; name = Foundation.framework; path = System/Library/Frameworks/Foundation.framework; sourceTree = SDKROOT; };
		E186EBEB18F31D9F00BCB942 /* CoreGraphics.framework */ = {isa = PBXFileReference; lastKnownFileType = wrapper.framework; name = CoreGraphics.framework; path = System/Library/Frameworks/CoreGraphics.framework; sourceTree = SDKROOT; };
		E186EBED18F31D9F00BCB942 /* UIKit.framework */ = {isa = PBXFileReference; lastKnownFileType = wrapper.framework; name = UIKit.framework; path = System/Library/Frameworks/UIKit.framework; sourceTree = SDKROOT; };
		E186EBF118F31D9F00BCB942 /* Attributor-Info.plist */ = {isa = PBXFileReference; lastKnownFileType = text.plist.xml; path = "Attributor-Info.plist"; sourceTree = "<group>"; };
		E186EBF318F31D9F00BCB942 /* en */ = {isa = PBXFileReference; lastKnownFileType = text.plist.strings; name = en; path = en.lproj/InfoPlist.strings; sourceTree = "<group>"; };
		E186EBF518F31D9F00BCB942 /* main.m */ = {isa = PBXFileReference; lastKnownFileType = sourcecode.c.objc; path = main.m; sourceTree = "<group>"; };
		E186EBF718F31D9F00BCB942 /* Attributor-Prefix.pch */ = {isa = PBXFileReference; lastKnownFileType = sourcecode.c.h; path = "Attributor-Prefix.pch"; sourceTree = "<group>"; };
		E186EBF818F31D9F00BCB942 /* AppDelegate.h */ = {isa = PBXFileReference; lastKnownFileType = sourcecode.c.h; path = AppDelegate.h; sourceTree = "<group>"; };
		E186EBF918F31D9F00BCB942 /* AppDelegate.m */ = {isa = PBXFileReference; lastKnownFileType = sourcecode.c.objc; path = AppDelegate.m; sourceTree = "<group>"; };
		E186EBFC18F31D9F00BCB942 /* Base */ = {isa = PBXFileReference; lastKnownFileType = file.storyboard; name = Base; path = Base.lproj/Main.storyboard; sourceTree = "<group>"; };
		E186EBFE18F31D9F00BCB942 /* ViewController.h */ = {isa = PBXFileReference; lastKnownFileType = sourcecode.c.h; path = ViewController.h; sourceTree = "<group>"; };
		E186EBFF18F31D9F00BCB942 /* ViewController.m */ = {isa = PBXFileReference; lastKnownFileType = sourcecode.c.objc; path = ViewController.m; sourceTree = "<group>"; };
		E186EC0118F31D9F00BCB942 /* Images.xcassets */ = {isa = PBXFileReference; lastKnownFileType = folder.assetcatalog; path = Images.xcassets; sourceTree = "<group>"; };
		E186EC0718F31D9F00BCB942 /* AttributorTests.xctest */ = {isa = PBXFileReference; explicitFileType = wrapper.cfbundle; includeInIndex = 0; path = AttributorTests.xctest; sourceTree = BUILT_PRODUCTS_DIR; };
		E186EC0818F31D9F00BCB942 /* XCTest.framework */ = {isa = PBXFileReference; lastKnownFileType = wrapper.framework; name = XCTest.framework; path = Library/Frameworks/XCTest.framework; sourceTree = DEVELOPER_DIR; };
		E186EC1018F31D9F00BCB942 /* AttributorTests-Info.plist */ = {isa = PBXFileReference; lastKnownFileType = text.plist.xml; path = "AttributorTests-Info.plist"; sourceTree = "<group>"; };
		E186EC1218F31D9F00BCB942 /* en */ = {isa = PBXFileReference; lastKnownFileType = text.plist.strings; name = en; path = en.lproj/InfoPlist.strings; sourceTree = "<group>"; };
		E186EC1418F31D9F00BCB942 /* AttributorTests.m */ = {isa = PBXFileReference; lastKnownFileType = sourcecode.c.objc; path = AttributorTests.m; sourceTree = "<group>"; };
/* End PBXFileReference section */

/* Begin PBXFrameworksBuildPhase section */
		E186EBE318F31D9F00BCB942 /* Frameworks */ = {
			isa = PBXFrameworksBuildPhase;
			buildActionMask = 2147483647;
			files = (
				E186EBEC18F31D9F00BCB942 /* CoreGraphics.framework in Frameworks */,
				E186EBEE18F31D9F00BCB942 /* UIKit.framework in Frameworks */,
				E186EBEA18F31D9F00BCB942 /* Foundation.framework in Frameworks */,
			);
			runOnlyForDeploymentPostprocessing = 0;
		};
		E186EC0418F31D9F00BCB942 /* Frameworks */ = {
			isa = PBXFrameworksBuildPhase;
			buildActionMask = 2147483647;
			files = (
				E186EC0918F31D9F00BCB942 /* XCTest.framework in Frameworks */,
				E186EC0B18F31D9F00BCB942 /* UIKit.framework in Frameworks */,
				E186EC0A18F31D9F00BCB942 /* Foundation.framework in Frameworks */,
			);
			runOnlyForDeploymentPostprocessing = 0;
		};
/* End PBXFrameworksBuildPhase section */

/* Begin PBXGroup section */
		E186EBDD18F31D9F00BCB942 = {
			isa = PBXGroup;
			children = (
				E186EBEF18F31D9F00BCB942 /* Attributor */,
				E186EC0E18F31D9F00BCB942 /* AttributorTests */,
				E186EBE818F31D9F00BCB942 /* Frameworks */,
				E186EBE718F31D9F00BCB942 /* Products */,
			);
			sourceTree = "<group>";
		};
		E186EBE718F31D9F00BCB942 /* Products */ = {
			isa = PBXGroup;
			children = (
				E186EBE618F31D9F00BCB942 /* Attributor.app */,
				E186EC0718F31D9F00BCB942 /* AttributorTests.xctest */,
			);
			name = Products;
			sourceTree = "<group>";
		};
		E186EBE818F31D9F00BCB942 /* Frameworks */ = {
			isa = PBXGroup;
			children = (
				E186EBE918F31D9F00BCB942 /* Foundation.framework */,
				E186EBEB18F31D9F00BCB942 /* CoreGraphics.framework */,
				E186EBED18F31D9F00BCB942 /* UIKit.framework */,
				E186EC0818F31D9F00BCB942 /* XCTest.framework */,
			);
			name = Frameworks;
			sourceTree = "<group>";
		};
		E186EBEF18F31D9F00BCB942 /* Attributor */ = {
			isa = PBXGroup;
			children = (
				E186EBFB18F31D9F00BCB942 /* Main.storyboard */,
				E114CA22191C15A200A7BBE9 /* TextStatsViewController.h */,
				E114CA23191C15A200A7BBE9 /* TextStatsViewController.m */,
				E186EBFE18F31D9F00BCB942 /* ViewController.h */,
				E186EBFF18F31D9F00BCB942 /* ViewController.m */,
				E186EC0118F31D9F00BCB942 /* Images.xcassets */,
				E186EBF018F31D9F00BCB942 /* Supporting Files */,
			);
			path = Attributor;
			sourceTree = "<group>";
		};
		E186EBF018F31D9F00BCB942 /* Supporting Files */ = {
			isa = PBXGroup;
			children = (
				E186EBF818F31D9F00BCB942 /* AppDelegate.h */,
				E186EBF918F31D9F00BCB942 /* AppDelegate.m */,
				E186EBF118F31D9F00BCB942 /* Attributor-Info.plist */,
				E186EBF218F31D9F00BCB942 /* InfoPlist.strings */,
				E186EBF518F31D9F00BCB942 /* main.m */,
				E186EBF718F31D9F00BCB942 /* Attributor-Prefix.pch */,
			);
			name = "Supporting Files";
			sourceTree = "<group>";
		};
		E186EC0E18F31D9F00BCB942 /* AttributorTests */ = {
			isa = PBXGroup;
			children = (
				E186EC1418F31D9F00BCB942 /* AttributorTests.m */,
				E186EC0F18F31D9F00BCB942 /* Supporting Files */,
			);
			path = AttributorTests;
			sourceTree = "<group>";
		};
		E186EC0F18F31D9F00BCB942 /* Supporting Files */ = {
			isa = PBXGroup;
			children = (
				E186EC1018F31D9F00BCB942 /* AttributorTests-Info.plist */,
				E186EC1118F31D9F00BCB942 /* InfoPlist.strings */,
			);
			name = "Supporting Files";
			sourceTree = "<group>";
		};
/* End PBXGroup section */

/* Begin PBXNativeTarget section */
		E186EBE518F31D9F00BCB942 /* Attributor */ = {
			isa = PBXNativeTarget;
			buildConfigurationList = E186EC1818F31D9F00BCB942 /* Build configuration list for PBXNativeTarget "Attributor" */;
			buildPhases = (
				E186EBE218F31D9F00BCB942 /* Sources */,
				E186EBE318F31D9F00BCB942 /* Frameworks */,
				E186EBE418F31D9F00BCB942 /* Resources */,
			);
			buildRules = (
			);
			dependencies = (
			);
			name = Attributor;
			productName = Attributor;
			productReference = E186EBE618F31D9F00BCB942 /* Attributor.app */;
			productType = "com.apple.product-type.application";
		};
		E186EC0618F31D9F00BCB942 /* AttributorTests */ = {
			isa = PBXNativeTarget;
			buildConfigurationList = E186EC1B18F31D9F00BCB942 /* Build configuration list for PBXNativeTarget "AttributorTests" */;
			buildPhases = (
				E186EC0318F31D9F00BCB942 /* Sources */,
				E186EC0418F31D9F00BCB942 /* Frameworks */,
				E186EC0518F31D9F00BCB942 /* Resources */,
			);
			buildRules = (
			);
			dependencies = (
				E186EC0D18F31D9F00BCB942 /* PBXTargetDependency */,
			);
			name = AttributorTests;
			productName = AttributorTests;
			productReference = E186EC0718F31D9F00BCB942 /* AttributorTests.xctest */;
			productType = "com.apple.product-type.bundle.unit-test";
		};
/* End PBXNativeTarget section */

/* Begin PBXProject section */
		E186EBDE18F31D9F00BCB942 /* Project object */ = {
			isa = PBXProject;
			attributes = {
				LastUpgradeCheck = 0510;
				ORGANIZATIONNAME = "Erhan Hu";
				TargetAttributes = {
					E186EC0618F31D9F00BCB942 = {
						TestTargetID = E186EBE518F31D9F00BCB942;
					};
				};
			};
			buildConfigurationList = E186EBE118F31D9F00BCB942 /* Build configuration list for PBXProject "Attributor" */;
			compatibilityVersion = "Xcode 3.2";
			developmentRegion = English;
			hasScannedForEncodings = 0;
			knownRegions = (
				en,
				Base,
			);
			mainGroup = E186EBDD18F31D9F00BCB942;
			productRefGroup = E186EBE718F31D9F00BCB942 /* Products */;
			projectDirPath = "";
			projectRoot = "";
			targets = (
				E186EBE518F31D9F00BCB942 /* Attributor */,
				E186EC0618F31D9F00BCB942 /* AttributorTests */,
			);
		};
/* End PBXProject section */

/* Begin PBXResourcesBuildPhase section */
		E186EBE418F31D9F00BCB942 /* Resources */ = {
			isa = PBXResourcesBuildPhase;
			buildActionMask = 2147483647;
			files = (
				E186EC0218F31D9F00BCB942 /* Images.xcassets in Resources */,
				E186EBF418F31D9F00BCB942 /* InfoPlist.strings in Resources */,
				E186EBFD18F31D9F00BCB942 /* Main.storyboard in Resources */,
			);
			runOnlyForDeploymentPostprocessing = 0;
		};
		E186EC0518F31D9F00BCB942 /* Resources */ = {
			isa = PBXResourcesBuildPhase;
			buildActionMask = 2147483647;
			files = (
				E186EC1318F31D9F00BCB942 /* InfoPlist.strings in Resources */,
			);
			runOnlyForDeploymentPostprocessing = 0;
		};
/* End PBXResourcesBuildPhase section */

/* Begin PBXSourcesBuildPhase section */
		E186EBE218F31D9F00BCB942 /* Sources */ = {
			isa = PBXSourcesBuildPhase;
			buildActionMask = 2147483647;
			files = (
				E186EC0018F31D9F00BCB942 /* ViewController.m in Sources */,
				E186EBFA18F31D9F00BCB942 /* AppDelegate.m in Sources */,
				E186EBF618F31D9F00BCB942 /* main.m in Sources */,
				E114CA24191C15A200A7BBE9 /* TextStatsViewController.m in Sources */,
			);
			runOnlyForDeploymentPostprocessing = 0;
		};
		E186EC0318F31D9F00BCB942 /* Sources */ = {
			isa = PBXSourcesBuildPhase;
			buildActionMask = 2147483647;
			files = (
				E186EC1518F31D9F00BCB942 /* AttributorTests.m in Sources */,
			);
			runOnlyForDeploymentPostprocessing = 0;
		};
/* End PBXSourcesBuildPhase section */

/* Begin PBXTargetDependency section */
		E186EC0D18F31D9F00BCB942 /* PBXTargetDependency */ = {
			isa = PBXTargetDependency;
			target = E186EBE518F31D9F00BCB942 /* Attributor */;
			targetProxy = E186EC0C18F31D9F00BCB942 /* PBXContainerItemProxy */;
		};
/* End PBXTargetDependency section */

/* Begin PBXVariantGroup section */
		E186EBF218F31D9F00BCB942 /* InfoPlist.strings */ = {
			isa = PBXVariantGroup;
			children = (
				E186EBF318F31D9F00BCB942 /* en */,
			);
			name = InfoPlist.strings;
			sourceTree = "<group>";
		};
		E186EBFB18F31D9F00BCB942 /* Main.storyboard */ = {
			isa = PBXVariantGroup;
			children = (
				E186EBFC18F31D9F00BCB942 /* Base */,
			);
			name = Main.storyboard;
			sourceTree = "<group>";
		};
		E186EC1118F31D9F00BCB942 /* InfoPlist.strings */ = {
			isa = PBXVariantGroup;
			children = (
				E186EC1218F31D9F00BCB942 /* en */,
			);
			name = InfoPlist.strings;
			sourceTree = "<group>";
		};
/* End PBXVariantGroup section */

/* Begin XCBuildConfiguration section */
		E186EC1618F31D9F00BCB942 /* Debug */ = {
			isa = XCBuildConfiguration;
			buildSettings = {
				ALWAYS_SEARCH_USER_PATHS = NO;
				CLANG_CXX_LANGUAGE_STANDARD = "gnu++0x";
				CLANG_CXX_LIBRARY = "libc++";
				CLANG_ENABLE_MODULES = YES;
				CLANG_ENABLE_OBJC_ARC = YES;
				CLANG_WARN_BOOL_CONVERSION = YES;
				CLANG_WARN_CONSTANT_CONVERSION = YES;
				CLANG_WARN_DIRECT_OBJC_ISA_USAGE = YES_ERROR;
				CLANG_WARN_EMPTY_BODY = YES;
				CLANG_WARN_ENUM_CONVERSION = YES;
				CLANG_WARN_INT_CONVERSION = YES;
				CLANG_WARN_OBJC_ROOT_CLASS = YES_ERROR;
				CLANG_WARN__DUPLICATE_METHOD_MATCH = YES;
				"CODE_SIGN_IDENTITY[sdk=iphoneos*]" = "iPhone Developer";
				COPY_PHASE_STRIP = NO;
				GCC_C_LANGUAGE_STANDARD = gnu99;
				GCC_DYNAMIC_NO_PIC = NO;
				GCC_OPTIMIZATION_LEVEL = 0;
				GCC_PREPROCESSOR_DEFINITIONS = (
					"DEBUG=1",
					"$(inherited)",
				);
				GCC_SYMBOLS_PRIVATE_EXTERN = NO;
				GCC_WARN_64_TO_32_BIT_CONVERSION = YES;
				GCC_WARN_ABOUT_RETURN_TYPE = YES_ERROR;
				GCC_WARN_UNDECLARED_SELECTOR = YES;
				GCC_WARN_UNINITIALIZED_AUTOS = YES_AGGRESSIVE;
				GCC_WARN_UNUSED_FUNCTION = YES;
				GCC_WARN_UNUSED_VARIABLE = YES;
				IPHONEOS_DEPLOYMENT_TARGET = 7.1;
				ONLY_ACTIVE_ARCH = YES;
				SDKROOT = iphoneos;
			};
			name = Debug;
		};
		E186EC1718F31D9F00BCB942 /* Release */ = {
			isa = XCBuildConfiguration;
			buildSettings = {
				ALWAYS_SEARCH_USER_PATHS = NO;
				CLANG_CXX_LANGUAGE_STANDARD = "gnu++0x";
				CLANG_CXX_LIBRARY = "libc++";
				CLANG_ENABLE_MODULES = YES;
				CLANG_ENABLE_OBJC_ARC = YES;
				CLANG_WARN_BOOL_CONVERSION = YES;
				CLANG_WARN_CONSTANT_CONVERSION = YES;
				CLANG_WARN_DIRECT_OBJC_ISA_USAGE = YES_ERROR;
				CLANG_WARN_EMPTY_BODY = YES;
				CLANG_WARN_ENUM_CONVERSION = YES;
				CLANG_WARN_INT_CONVERSION = YES;
				CLANG_WARN_OBJC_ROOT_CLASS = YES_ERROR;
				CLANG_WARN__DUPLICATE_METHOD_MATCH = YES;
				"CODE_SIGN_IDENTITY[sdk=iphoneos*]" = "iPhone Developer";
				COPY_PHASE_STRIP = YES;
				ENABLE_NS_ASSERTIONS = NO;
				GCC_C_LANGUAGE_STANDARD = gnu99;
				GCC_WARN_64_TO_32_BIT_CONVERSION = YES;
				GCC_WARN_ABOUT_RETURN_TYPE = YES_ERROR;
				GCC_WARN_UNDECLARED_SELECTOR = YES;
				GCC_WARN_UNINITIALIZED_AUTOS = YES_AGGRESSIVE;
				GCC_WARN_UNUSED_FUNCTION = YES;
				GCC_WARN_UNUSED_VARIABLE = YES;
				IPHONEOS_DEPLOYMENT_TARGET = 7.1;
				SDKROOT = iphoneos;
				VALIDATE_PRODUCT = YES;
			};
			name = Release;
		};
		E186EC1918F31D9F00BCB942 /* Debug */ = {
			isa = XCBuildConfiguration;
			buildSettings = {
				ASSETCATALOG_COMPILER_APPICON_NAME = AppIcon;
				ASSETCATALOG_COMPILER_LAUNCHIMAGE_NAME = LaunchImage;
				GCC_PRECOMPILE_PREFIX_HEADER = YES;
				GCC_PREFIX_HEADER = "Attributor/Attributor-Prefix.pch";
				INFOPLIST_FILE = "Attributor/Attributor-Info.plist";
				PRODUCT_NAME = "$(TARGET_NAME)";
				WRAPPER_EXTENSION = app;
			};
			name = Debug;
		};
		E186EC1A18F31D9F00BCB942 /* Release */ = {
			isa = XCBuildConfiguration;
			buildSettings = {
				ASSETCATALOG_COMPILER_APPICON_NAME = AppIcon;
				ASSETCATALOG_COMPILER_LAUNCHIMAGE_NAME = LaunchImage;
				GCC_PRECOMPILE_PREFIX_HEADER = YES;
				GCC_PREFIX_HEADER = "Attributor/Attributor-Prefix.pch";
				INFOPLIST_FILE = "Attributor/Attributor-Info.plist";
				PRODUCT_NAME = "$(TARGET_NAME)";
				WRAPPER_EXTENSION = app;
			};
			name = Release;
		};
		E186EC1C18F31D9F00BCB942 /* Debug */ = {
			isa = XCBuildConfiguration;
			buildSettings = {
				BUNDLE_LOADER = "$(BUILT_PRODUCTS_DIR)/Attributor.app/Attributor";
				FRAMEWORK_SEARCH_PATHS = (
					"$(SDKROOT)/Developer/Library/Frameworks",
					"$(inherited)",
					"$(DEVELOPER_FRAMEWORKS_DIR)",
				);
				GCC_PRECOMPILE_PREFIX_HEADER = YES;
				GCC_PREFIX_HEADER = "Attributor/Attributor-Prefix.pch";
				GCC_PREPROCESSOR_DEFINITIONS = (
					"DEBUG=1",
					"$(inherited)",
				);
				INFOPLIST_FILE = "AttributorTests/AttributorTests-Info.plist";
				PRODUCT_NAME = "$(TARGET_NAME)";
				TEST_HOST = "$(BUNDLE_LOADER)";
				WRAPPER_EXTENSION = xctest;
			};
			name = Debug;
		};
		E186EC1D18F31D9F00BCB942 /* Release */ = {
			isa = XCBuildConfiguration;
			buildSettings = {
				BUNDLE_LOADER = "$(BUILT_PRODUCTS_DIR)/Attributor.app/Attributor";
				FRAMEWORK_SEARCH_PATHS = (
					"$(SDKROOT)/Developer/Library/Frameworks",
					"$(inherited)",
					"$(DEVELOPER_FRAMEWORKS_DIR)",
				);
				GCC_PRECOMPILE_PREFIX_HEADER = YES;
				GCC_PREFIX_HEADER = "Attributor/Attributor-Prefix.pch";
				INFOPLIST_FILE = "AttributorTests/AttributorTests-Info.plist";
				PRODUCT_NAME = "$(TARGET_NAME)";
				TEST_HOST = "$(BUNDLE_LOADER)";
				WRAPPER_EXTENSION = xctest;
			};
			name = Release;
		};
/* End XCBuildConfiguration section */

/* Begin XCConfigurationList section */
		E186EBE118F31D9F00BCB942 /* Build configuration list for PBXProject "Attributor" */ = {
			isa = XCConfigurationList;
			buildConfigurations = (
				E186EC1618F31D9F00BCB942 /* Debug */,
				E186EC1718F31D9F00BCB942 /* Release */,
			);
			defaultConfigurationIsVisible = 0;
			defaultConfigurationName = Release;
		};
		E186EC1818F31D9F00BCB942 /* Build configuration list for PBXNativeTarget "Attributor" */ = {
			isa = XCConfigurationList;
			buildConfigurations = (
				E186EC1918F31D9F00BCB942 /* Debug */,
				E186EC1A18F31D9F00BCB942 /* Release */,
			);
			defaultConfigurationIsVisible = 0;
			defaultConfigurationName = Release;
		};
		E186EC1B18F31D9F00BCB942 /* Build configuration list for PBXNativeTarget "AttributorTests" */ = {
			isa = XCConfigurationList;
			buildConfigurations = (
				E186EC1C18F31D9F00BCB942 /* Debug */,
				E186EC1D18F31D9F00BCB942 /* Release */,
			);
			defaultConfigurationIsVisible = 0;
			defaultConfigurationName = Release;
		};
/* End XCConfigurationList section */
	};
	rootObject = E186EBDE18F31D9F00BCB942 /* Project object */;
}
