// !$*UTF8*$!
{
	archiveVersion = 1;
	classes = {
	};
	objectVersion = 46;
	objects = {

/* Begin PBXBuildFile section */
		E16C1E981963EA64008C6EC9 /* Foundation.framework in Frameworks */ = {isa = PBXBuildFile; fileRef = E16C1E971963EA64008C6EC9 /* Foundation.framework */; };
		E16C1E9A1963EA64008C6EC9 /* CoreGraphics.framework in Frameworks */ = {isa = PBXBuildFile; fileRef = E16C1E991963EA64008C6EC9 /* CoreGraphics.framework */; };
		E16C1E9C1963EA64008C6EC9 /* UIKit.framework in Frameworks */ = {isa = PBXBuildFile; fileRef = E16C1E9B1963EA64008C6EC9 /* UIKit.framework */; };
		E16C1EA21963EA64008C6EC9 /* InfoPlist.strings in Resources */ = {isa = PBXBuildFile; fileRef = E16C1EA01963EA64008C6EC9 /* InfoPlist.strings */; };
		E16C1EA41963EA64008C6EC9 /* main.m in Sources */ = {isa = PBXBuildFile; fileRef = E16C1EA31963EA64008C6EC9 /* main.m */; };
		E16C1EA81963EA64008C6EC9 /* AppDelegate.m in Sources */ = {isa = PBXBuildFile; fileRef = E16C1EA71963EA64008C6EC9 /* AppDelegate.m */; };
		E16C1EAB1963EA64008C6EC9 /* Main_iPhone.storyboard in Resources */ = {isa = PBXBuildFile; fileRef = E16C1EA91963EA64008C6EC9 /* Main_iPhone.storyboard */; };
		E16C1EAE1963EA64008C6EC9 /* Main_iPad.storyboard in Resources */ = {isa = PBXBuildFile; fileRef = E16C1EAC1963EA64008C6EC9 /* Main_iPad.storyboard */; };
		E16C1EB11963EA64008C6EC9 /* ViewController.m in Sources */ = {isa = PBXBuildFile; fileRef = E16C1EB01963EA64008C6EC9 /* ViewController.m */; };
		E16C1EB31963EA64008C6EC9 /* Images.xcassets in Resources */ = {isa = PBXBuildFile; fileRef = E16C1EB21963EA64008C6EC9 /* Images.xcassets */; };
		E16C1EBA1963EA64008C6EC9 /* XCTest.framework in Frameworks */ = {isa = PBXBuildFile; fileRef = E16C1EB91963EA64008C6EC9 /* XCTest.framework */; };
		E16C1EBB1963EA64008C6EC9 /* Foundation.framework in Frameworks */ = {isa = PBXBuildFile; fileRef = E16C1E971963EA64008C6EC9 /* Foundation.framework */; };
		E16C1EBC1963EA64008C6EC9 /* UIKit.framework in Frameworks */ = {isa = PBXBuildFile; fileRef = E16C1E9B1963EA64008C6EC9 /* UIKit.framework */; };
		E16C1EC41963EA64008C6EC9 /* InfoPlist.strings in Resources */ = {isa = PBXBuildFile; fileRef = E16C1EC21963EA64008C6EC9 /* InfoPlist.strings */; };
		E16C1EC61963EA64008C6EC9 /* SuperCardTests.m in Sources */ = {isa = PBXBuildFile; fileRef = E16C1EC51963EA64008C6EC9 /* SuperCardTests.m */; };
/* End PBXBuildFile section */

/* Begin PBXContainerItemProxy section */
		E16C1EBD1963EA64008C6EC9 /* PBXContainerItemProxy */ = {
			isa = PBXContainerItemProxy;
			containerPortal = E16C1E8C1963EA63008C6EC9 /* Project object */;
			proxyType = 1;
			remoteGlobalIDString = E16C1E931963EA63008C6EC9;
			remoteInfo = SuperCard;
		};
/* End PBXContainerItemProxy section */

/* Begin PBXFileReference section */
		E16C1E941963EA63008C6EC9 /* SuperCard.app */ = {isa = PBXFileReference; explicitFileType = wrapper.application; includeInIndex = 0; path = SuperCard.app; sourceTree = BUILT_PRODUCTS_DIR; };
		E16C1E971963EA64008C6EC9 /* Foundation.framework */ = {isa = PBXFileReference; lastKnownFileType = wrapper.framework; name = Foundation.framework; path = System/Library/Frameworks/Foundation.framework; sourceTree = SDKROOT; };
		E16C1E991963EA64008C6EC9 /* CoreGraphics.framework */ = {isa = PBXFileReference; lastKnownFileType = wrapper.framework; name = CoreGraphics.framework; path = System/Library/Frameworks/CoreGraphics.framework; sourceTree = SDKROOT; };
		E16C1E9B1963EA64008C6EC9 /* UIKit.framework */ = {isa = PBXFileReference; lastKnownFileType = wrapper.framework; name = UIKit.framework; path = System/Library/Frameworks/UIKit.framework; sourceTree = SDKROOT; };
		E16C1E9F1963EA64008C6EC9 /* SuperCard-Info.plist */ = {isa = PBXFileReference; lastKnownFileType = text.plist.xml; path = "SuperCard-Info.plist"; sourceTree = "<group>"; };
		E16C1EA11963EA64008C6EC9 /* en */ = {isa = PBXFileReference; lastKnownFileType = text.plist.strings; name = en; path = en.lproj/InfoPlist.strings; sourceTree = "<group>"; };
		E16C1EA31963EA64008C6EC9 /* main.m */ = {isa = PBXFileReference; lastKnownFileType = sourcecode.c.objc; path = main.m; sourceTree = "<group>"; };
		E16C1EA51963EA64008C6EC9 /* SuperCard-Prefix.pch */ = {isa = PBXFileReference; lastKnownFileType = sourcecode.c.h; path = "SuperCard-Prefix.pch"; sourceTree = "<group>"; };
		E16C1EA61963EA64008C6EC9 /* AppDelegate.h */ = {isa = PBXFileReference; lastKnownFileType = sourcecode.c.h; path = AppDelegate.h; sourceTree = "<group>"; };
		E16C1EA71963EA64008C6EC9 /* AppDelegate.m */ = {isa = PBXFileReference; lastKnownFileType = sourcecode.c.objc; path = AppDelegate.m; sourceTree = "<group>"; };
		E16C1EAA1963EA64008C6EC9 /* Base */ = {isa = PBXFileReference; lastKnownFileType = file.storyboard; name = Base; path = Base.lproj/Main_iPhone.storyboard; sourceTree = "<group>"; };
		E16C1EAD1963EA64008C6EC9 /* Base */ = {isa = PBXFileReference; lastKnownFileType = file.storyboard; name = Base; path = Base.lproj/Main_iPad.storyboard; sourceTree = "<group>"; };
		E16C1EAF1963EA64008C6EC9 /* ViewController.h */ = {isa = PBXFileReference; lastKnownFileType = sourcecode.c.h; path = ViewController.h; sourceTree = "<group>"; };
		E16C1EB01963EA64008C6EC9 /* ViewController.m */ = {isa = PBXFileReference; lastKnownFileType = sourcecode.c.objc; path = ViewController.m; sourceTree = "<group>"; };
		E16C1EB21963EA64008C6EC9 /* Images.xcassets */ = {isa = PBXFileReference; lastKnownFileType = folder.assetcatalog; path = Images.xcassets; sourceTree = "<group>"; };
		E16C1EB81963EA64008C6EC9 /* SuperCardTests.xctest */ = {isa = PBXFileReference; explicitFileType = wrapper.cfbundle; includeInIndex = 0; path = SuperCardTests.xctest; sourceTree = BUILT_PRODUCTS_DIR; };
		E16C1EB91963EA64008C6EC9 /* XCTest.framework */ = {isa = PBXFileReference; lastKnownFileType = wrapper.framework; name = XCTest.framework; path = Library/Frameworks/XCTest.framework; sourceTree = DEVELOPER_DIR; };
		E16C1EC11963EA64008C6EC9 /* SuperCardTests-Info.plist */ = {isa = PBXFileReference; lastKnownFileType = text.plist.xml; path = "SuperCardTests-Info.plist"; sourceTree = "<group>"; };
		E16C1EC31963EA64008C6EC9 /* en */ = {isa = PBXFileReference; lastKnownFileType = text.plist.strings; name = en; path = en.lproj/InfoPlist.strings; sourceTree = "<group>"; };
		E16C1EC51963EA64008C6EC9 /* SuperCardTests.m */ = {isa = PBXFileReference; lastKnownFileType = sourcecode.c.objc; path = SuperCardTests.m; sourceTree = "<group>"; };
/* End PBXFileReference section */

/* Begin PBXFrameworksBuildPhase section */
		E16C1E911963EA63008C6EC9 /* Frameworks */ = {
			isa = PBXFrameworksBuildPhase;
			buildActionMask = 2147483647;
			files = (
				E16C1E9A1963EA64008C6EC9 /* CoreGraphics.framework in Frameworks */,
				E16C1E9C1963EA64008C6EC9 /* UIKit.framework in Frameworks */,
				E16C1E981963EA64008C6EC9 /* Foundation.framework in Frameworks */,
			);
			runOnlyForDeploymentPostprocessing = 0;
		};
		E16C1EB51963EA64008C6EC9 /* Frameworks */ = {
			isa = PBXFrameworksBuildPhase;
			buildActionMask = 2147483647;
			files = (
				E16C1EBA1963EA64008C6EC9 /* XCTest.framework in Frameworks */,
				E16C1EBC1963EA64008C6EC9 /* UIKit.framework in Frameworks */,
				E16C1EBB1963EA64008C6EC9 /* Foundation.framework in Frameworks */,
			);
			runOnlyForDeploymentPostprocessing = 0;
		};
/* End PBXFrameworksBuildPhase section */

/* Begin PBXGroup section */
		E16C1E8B1963EA63008C6EC9 = {
			isa = PBXGroup;
			children = (
				E16C1E9D1963EA64008C6EC9 /* SuperCard */,
				E16C1EBF1963EA64008C6EC9 /* SuperCardTests */,
				E16C1E961963EA63008C6EC9 /* Frameworks */,
				E16C1E951963EA63008C6EC9 /* Products */,
			);
			sourceTree = "<group>";
		};
		E16C1E951963EA63008C6EC9 /* Products */ = {
			isa = PBXGroup;
			children = (
				E16C1E941963EA63008C6EC9 /* SuperCard.app */,
				E16C1EB81963EA64008C6EC9 /* SuperCardTests.xctest */,
			);
			name = Products;
			sourceTree = "<group>";
		};
		E16C1E961963EA63008C6EC9 /* Frameworks */ = {
			isa = PBXGroup;
			children = (
				E16C1E971963EA64008C6EC9 /* Foundation.framework */,
				E16C1E991963EA64008C6EC9 /* CoreGraphics.framework */,
				E16C1E9B1963EA64008C6EC9 /* UIKit.framework */,
				E16C1EB91963EA64008C6EC9 /* XCTest.framework */,
			);
			name = Frameworks;
			sourceTree = "<group>";
		};
		E16C1E9D1963EA64008C6EC9 /* SuperCard */ = {
			isa = PBXGroup;
			children = (
				E16C1EA61963EA64008C6EC9 /* AppDelegate.h */,
				E16C1EA71963EA64008C6EC9 /* AppDelegate.m */,
				E16C1EA91963EA64008C6EC9 /* Main_iPhone.storyboard */,
				E16C1EAC1963EA64008C6EC9 /* Main_iPad.storyboard */,
				E16C1EAF1963EA64008C6EC9 /* ViewController.h */,
				E16C1EB01963EA64008C6EC9 /* ViewController.m */,
				E16C1EB21963EA64008C6EC9 /* Images.xcassets */,
				E16C1E9E1963EA64008C6EC9 /* Supporting Files */,
			);
			path = SuperCard;
			sourceTree = "<group>";
		};
		E16C1E9E1963EA64008C6EC9 /* Supporting Files */ = {
			isa = PBXGroup;
			children = (
				E16C1E9F1963EA64008C6EC9 /* SuperCard-Info.plist */,
				E16C1EA01963EA64008C6EC9 /* InfoPlist.strings */,
				E16C1EA31963EA64008C6EC9 /* main.m */,
				E16C1EA51963EA64008C6EC9 /* SuperCard-Prefix.pch */,
			);
			name = "Supporting Files";
			sourceTree = "<group>";
		};
		E16C1EBF1963EA64008C6EC9 /* SuperCardTests */ = {
			isa = PBXGroup;
			children = (
				E16C1EC51963EA64008C6EC9 /* SuperCardTests.m */,
				E16C1EC01963EA64008C6EC9 /* Supporting Files */,
			);
			path = SuperCardTests;
			sourceTree = "<group>";
		};
		E16C1EC01963EA64008C6EC9 /* Supporting Files */ = {
			isa = PBXGroup;
			children = (
				E16C1EC11963EA64008C6EC9 /* SuperCardTests-Info.plist */,
				E16C1EC21963EA64008C6EC9 /* InfoPlist.strings */,
			);
			name = "Supporting Files";
			sourceTree = "<group>";
		};
/* End PBXGroup section */

/* Begin PBXNativeTarget section */
		E16C1E931963EA63008C6EC9 /* SuperCard */ = {
			isa = PBXNativeTarget;
			buildConfigurationList = E16C1EC91963EA64008C6EC9 /* Build configuration list for PBXNativeTarget "SuperCard" */;
			buildPhases = (
				E16C1E901963EA63008C6EC9 /* Sources */,
				E16C1E911963EA63008C6EC9 /* Frameworks */,
				E16C1E921963EA63008C6EC9 /* Resources */,
			);
			buildRules = (
			);
			dependencies = (
			);
			name = SuperCard;
			productName = SuperCard;
			productReference = E16C1E941963EA63008C6EC9 /* SuperCard.app */;
			productType = "com.apple.product-type.application";
		};
		E16C1EB71963EA64008C6EC9 /* SuperCardTests */ = {
			isa = PBXNativeTarget;
			buildConfigurationList = E16C1ECC1963EA64008C6EC9 /* Build configuration list for PBXNativeTarget "SuperCardTests" */;
			buildPhases = (
				E16C1EB41963EA64008C6EC9 /* Sources */,
				E16C1EB51963EA64008C6EC9 /* Frameworks */,
				E16C1EB61963EA64008C6EC9 /* Resources */,
			);
			buildRules = (
			);
			dependencies = (
				E16C1EBE1963EA64008C6EC9 /* PBXTargetDependency */,
			);
			name = SuperCardTests;
			productName = SuperCardTests;
			productReference = E16C1EB81963EA64008C6EC9 /* SuperCardTests.xctest */;
			productType = "com.apple.product-type.bundle.unit-test";
		};
/* End PBXNativeTarget section */

/* Begin PBXProject section */
		E16C1E8C1963EA63008C6EC9 /* Project object */ = {
			isa = PBXProject;
			attributes = {
				LastUpgradeCheck = 0510;
				ORGANIZATIONNAME = "ERHAN HU";
				TargetAttributes = {
					E16C1EB71963EA64008C6EC9 = {
						TestTargetID = E16C1E931963EA63008C6EC9;
					};
				};
			};
			buildConfigurationList = E16C1E8F1963EA63008C6EC9 /* Build configuration list for PBXProject "SuperCard" */;
			compatibilityVersion = "Xcode 3.2";
			developmentRegion = English;
			hasScannedForEncodings = 0;
			knownRegions = (
				en,
				Base,
			);
			mainGroup = E16C1E8B1963EA63008C6EC9;
			productRefGroup = E16C1E951963EA63008C6EC9 /* Products */;
			projectDirPath = "";
			projectRoot = "";
			targets = (
				E16C1E931963EA63008C6EC9 /* SuperCard */,
				E16C1EB71963EA64008C6EC9 /* SuperCardTests */,
			);
		};
/* End PBXProject section */

/* Begin PBXResourcesBuildPhase section */
		E16C1E921963EA63008C6EC9 /* Resources */ = {
			isa = PBXResourcesBuildPhase;
			buildActionMask = 2147483647;
			files = (
				E16C1EAE1963EA64008C6EC9 /* Main_iPad.storyboard in Resources */,
				E16C1EB31963EA64008C6EC9 /* Images.xcassets in Resources */,
				E16C1EAB1963EA64008C6EC9 /* Main_iPhone.storyboard in Resources */,
				E16C1EA21963EA64008C6EC9 /* InfoPlist.strings in Resources */,
			);
			runOnlyForDeploymentPostprocessing = 0;
		};
		E16C1EB61963EA64008C6EC9 /* Resources */ = {
			isa = PBXResourcesBuildPhase;
			buildActionMask = 2147483647;
			files = (
				E16C1EC41963EA64008C6EC9 /* InfoPlist.strings in Resources */,
			);
			runOnlyForDeploymentPostprocessing = 0;
		};
/* End PBXResourcesBuildPhase section */

/* Begin PBXSourcesBuildPhase section */
		E16C1E901963EA63008C6EC9 /* Sources */ = {
			isa = PBXSourcesBuildPhase;
			buildActionMask = 2147483647;
			files = (
				E16C1EB11963EA64008C6EC9 /* ViewController.m in Sources */,
				E16C1EA81963EA64008C6EC9 /* AppDelegate.m in Sources */,
				E16C1EA41963EA64008C6EC9 /* main.m in Sources */,
			);
			runOnlyForDeploymentPostprocessing = 0;
		};
		E16C1EB41963EA64008C6EC9 /* Sources */ = {
			isa = PBXSourcesBuildPhase;
			buildActionMask = 2147483647;
			files = (
				E16C1EC61963EA64008C6EC9 /* SuperCardTests.m in Sources */,
			);
			runOnlyForDeploymentPostprocessing = 0;
		};
/* End PBXSourcesBuildPhase section */

/* Begin PBXTargetDependency section */
		E16C1EBE1963EA64008C6EC9 /* PBXTargetDependency */ = {
			isa = PBXTargetDependency;
			target = E16C1E931963EA63008C6EC9 /* SuperCard */;
			targetProxy = E16C1EBD1963EA64008C6EC9 /* PBXContainerItemProxy */;
		};
/* End PBXTargetDependency section */

/* Begin PBXVariantGroup section */
		E16C1EA01963EA64008C6EC9 /* InfoPlist.strings */ = {
			isa = PBXVariantGroup;
			children = (
				E16C1EA11963EA64008C6EC9 /* en */,
			);
			name = InfoPlist.strings;
			sourceTree = "<group>";
		};
		E16C1EA91963EA64008C6EC9 /* Main_iPhone.storyboard */ = {
			isa = PBXVariantGroup;
			children = (
				E16C1EAA1963EA64008C6EC9 /* Base */,
			);
			name = Main_iPhone.storyboard;
			sourceTree = "<group>";
		};
		E16C1EAC1963EA64008C6EC9 /* Main_iPad.storyboard */ = {
			isa = PBXVariantGroup;
			children = (
				E16C1EAD1963EA64008C6EC9 /* Base */,
			);
			name = Main_iPad.storyboard;
			sourceTree = "<group>";
		};
		E16C1EC21963EA64008C6EC9 /* InfoPlist.strings */ = {
			isa = PBXVariantGroup;
			children = (
				E16C1EC31963EA64008C6EC9 /* en */,
			);
			name = InfoPlist.strings;
			sourceTree = "<group>";
		};
/* End PBXVariantGroup section */

/* Begin XCBuildConfiguration section */
		E16C1EC71963EA64008C6EC9 /* Debug */ = {
			isa = XCBuildConfiguration;
			buildSettings = {
				ALWAYS_SEARCH_USER_PATHS = NO;
				CLANG_CXX_LANGUAGE_STANDARD = "gnu++0x";
				CLANG_CXX_LIBRARY = "libc++";
				CLANG_ENABLE_MODULES = YES;
				CLANG_ENABLE_OBJC_ARC = YES;
				CLANG_WARN_BOOL_CONVERSION = YES;
				CLANG_WARN_CONSTANT_CONVERSION = YES;
				CLANG_WARN_DIRECT_OBJC_ISA_USAGE = YES_ERROR;
				CLANG_WARN_EMPTY_BODY = YES;
				CLANG_WARN_ENUM_CONVERSION = YES;
				CLANG_WARN_INT_CONVERSION = YES;
				CLANG_WARN_OBJC_ROOT_CLASS = YES_ERROR;
				CLANG_WARN__DUPLICATE_METHOD_MATCH = YES;
				"CODE_SIGN_IDENTITY[sdk=iphoneos*]" = "iPhone Developer";
				COPY_PHASE_STRIP = NO;
				GCC_C_LANGUAGE_STANDARD = gnu99;
				GCC_DYNAMIC_NO_PIC = NO;
				GCC_OPTIMIZATION_LEVEL = 0;
				GCC_PREPROCESSOR_DEFINITIONS = (
					"DEBUG=1",
					"$(inherited)",
				);
				GCC_SYMBOLS_PRIVATE_EXTERN = NO;
				GCC_WARN_64_TO_32_BIT_CONVERSION = YES;
				GCC_WARN_ABOUT_RETURN_TYPE = YES_ERROR;
				GCC_WARN_UNDECLARED_SELECTOR = YES;
				GCC_WARN_UNINITIALIZED_AUTOS = YES_AGGRESSIVE;
				GCC_WARN_UNUSED_FUNCTION = YES;
				GCC_WARN_UNUSED_VARIABLE = YES;
				IPHONEOS_DEPLOYMENT_TARGET = 7.1;
				ONLY_ACTIVE_ARCH = YES;
				SDKROOT = iphoneos;
				TARGETED_DEVICE_FAMILY = "1,2";
			};
			name = Debug;
		};
		E16C1EC81963EA64008C6EC9 /* Release */ = {
			isa = XCBuildConfiguration;
			buildSettings = {
				ALWAYS_SEARCH_USER_PATHS = NO;
				CLANG_CXX_LANGUAGE_STANDARD = "gnu++0x";
				CLANG_CXX_LIBRARY = "libc++";
				CLANG_ENABLE_MODULES = YES;
				CLANG_ENABLE_OBJC_ARC = YES;
				CLANG_WARN_BOOL_CONVERSION = YES;
				CLANG_WARN_CONSTANT_CONVERSION = YES;
				CLANG_WARN_DIRECT_OBJC_ISA_USAGE = YES_ERROR;
				CLANG_WARN_EMPTY_BODY = YES;
				CLANG_WARN_ENUM_CONVERSION = YES;
				CLANG_WARN_INT_CONVERSION = YES;
				CLANG_WARN_OBJC_ROOT_CLASS = YES_ERROR;
				CLANG_WARN__DUPLICATE_METHOD_MATCH = YES;
				"CODE_SIGN_IDENTITY[sdk=iphoneos*]" = "iPhone Developer";
				COPY_PHASE_STRIP = YES;
				ENABLE_NS_ASSERTIONS = NO;
				GCC_C_LANGUAGE_STANDARD = gnu99;
				GCC_WARN_64_TO_32_BIT_CONVERSION = YES;
				GCC_WARN_ABOUT_RETURN_TYPE = YES_ERROR;
				GCC_WARN_UNDECLARED_SELECTOR = YES;
				GCC_WARN_UNINITIALIZED_AUTOS = YES_AGGRESSIVE;
				GCC_WARN_UNUSED_FUNCTION = YES;
				GCC_WARN_UNUSED_VARIABLE = YES;
				IPHONEOS_DEPLOYMENT_TARGET = 7.1;
				SDKROOT = iphoneos;
				TARGETED_DEVICE_FAMILY = "1,2";
				VALIDATE_PRODUCT = YES;
			};
			name = Release;
		};
		E16C1ECA1963EA64008C6EC9 /* Debug */ = {
			isa = XCBuildConfiguration;
			buildSettings = {
				ASSETCATALOG_COMPILER_APPICON_NAME = AppIcon;
				ASSETCATALOG_COMPILER_LAUNCHIMAGE_NAME = LaunchImage;
				GCC_PRECOMPILE_PREFIX_HEADER = YES;
				GCC_PREFIX_HEADER = "SuperCard/SuperCard-Prefix.pch";
				INFOPLIST_FILE = "SuperCard/SuperCard-Info.plist";
				PRODUCT_NAME = "$(TARGET_NAME)";
				WRAPPER_EXTENSION = app;
			};
			name = Debug;
		};
		E16C1ECB1963EA64008C6EC9 /* Release */ = {
			isa = XCBuildConfiguration;
			buildSettings = {
				ASSETCATALOG_COMPILER_APPICON_NAME = AppIcon;
				ASSETCATALOG_COMPILER_LAUNCHIMAGE_NAME = LaunchImage;
				GCC_PRECOMPILE_PREFIX_HEADER = YES;
				GCC_PREFIX_HEADER = "SuperCard/SuperCard-Prefix.pch";
				INFOPLIST_FILE = "SuperCard/SuperCard-Info.plist";
				PRODUCT_NAME = "$(TARGET_NAME)";
				WRAPPER_EXTENSION = app;
			};
			name = Release;
		};
		E16C1ECD1963EA64008C6EC9 /* Debug */ = {
			isa = XCBuildConfiguration;
			buildSettings = {
				BUNDLE_LOADER = "$(BUILT_PRODUCTS_DIR)/SuperCard.app/SuperCard";
				FRAMEWORK_SEARCH_PATHS = (
					"$(SDKROOT)/Developer/Library/Frameworks",
					"$(inherited)",
					"$(DEVELOPER_FRAMEWORKS_DIR)",
				);
				GCC_PRECOMPILE_PREFIX_HEADER = YES;
				GCC_PREFIX_HEADER = "SuperCard/SuperCard-Prefix.pch";
				GCC_PREPROCESSOR_DEFINITIONS = (
					"DEBUG=1",
					"$(inherited)",
				);
				INFOPLIST_FILE = "SuperCardTests/SuperCardTests-Info.plist";
				PRODUCT_NAME = "$(TARGET_NAME)";
				TEST_HOST = "$(BUNDLE_LOADER)";
				WRAPPER_EXTENSION = xctest;
			};
			name = Debug;
		};
		E16C1ECE1963EA64008C6EC9 /* Release */ = {
			isa = XCBuildConfiguration;
			buildSettings = {
				BUNDLE_LOADER = "$(BUILT_PRODUCTS_DIR)/SuperCard.app/SuperCard";
				FRAMEWORK_SEARCH_PATHS = (
					"$(SDKROOT)/Developer/Library/Frameworks",
					"$(inherited)",
					"$(DEVELOPER_FRAMEWORKS_DIR)",
				);
				GCC_PRECOMPILE_PREFIX_HEADER = YES;
				GCC_PREFIX_HEADER = "SuperCard/SuperCard-Prefix.pch";
				INFOPLIST_FILE = "SuperCardTests/SuperCardTests-Info.plist";
				PRODUCT_NAME = "$(TARGET_NAME)";
				TEST_HOST = "$(BUNDLE_LOADER)";
				WRAPPER_EXTENSION = xctest;
			};
			name = Release;
		};
/* End XCBuildConfiguration section */

/* Begin XCConfigurationList section */
		E16C1E8F1963EA63008C6EC9 /* Build configuration list for PBXProject "SuperCard" */ = {
			isa = XCConfigurationList;
			buildConfigurations = (
				E16C1EC71963EA64008C6EC9 /* Debug */,
				E16C1EC81963EA64008C6EC9 /* Release */,
			);
			defaultConfigurationIsVisible = 0;
			defaultConfigurationName = Release;
		};
		E16C1EC91963EA64008C6EC9 /* Build configuration list for PBXNativeTarget "SuperCard" */ = {
			isa = XCConfigurationList;
			buildConfigurations = (
				E16C1ECA1963EA64008C6EC9 /* Debug */,
				E16C1ECB1963EA64008C6EC9 /* Release */,
			);
			defaultConfigurationIsVisible = 0;
		};
		E16C1ECC1963EA64008C6EC9 /* Build configuration list for PBXNativeTarget "SuperCardTests" */ = {
			isa = XCConfigurationList;
			buildConfigurations = (
				E16C1ECD1963EA64008C6EC9 /* Debug */,
				E16C1ECE1963EA64008C6EC9 /* Release */,
			);
			defaultConfigurationIsVisible = 0;
		};
/* End XCConfigurationList section */
	};
	rootObject = E16C1E8C1963EA63008C6EC9 /* Project object */;
}
